
Microsoft Visual Studio Solution File, Format Version 12.00
# Visual Studio Version 16
VisualStudioVersion = 16.0.31729.503
MinimumVisualStudioVersion = 10.0.40219.1
Project("{FAE04EC0-301F-11D3-BF4B-00C04F79EFBC}") = "MiniWord_LeTienDat", "MiniWord_LeTienDat\MiniWord_LeTienDat.csproj", "{DC7B251A-F989-4494-B5E8-D9F04FA66245}"
EndProject
Global
	GlobalSection(SolutionConfigurationPlatforms) = preSolution
		Debug|Any CPU = Debug|Any CPU
		Release|Any CPU = Release|Any CPU
	EndGlobalSection
	GlobalSection(ProjectConfigurationPlatforms) = postSolution
		{DC7B251A-F989-4494-B5E8-D9F04FA66245}.Debug|Any CPU.ActiveCfg = Debug|Any CPU
		{DC7B251A-F989-4494-B5E8-D9F04FA66245}.Debug|Any CPU.Build.0 = Debug|Any CPU
		{DC7B251A-F989-4494-B5E8-D9F04FA66245}.Release|Any CPU.ActiveCfg = Release|Any CPU
		{DC7B251A-F989-4494-B5E8-D9F04FA66245}.Release|Any CPU.Build.0 = Release|Any CPU
	EndGlobalSection
	GlobalSection(SolutionProperties) = preSolution
		HideSolutionNode = FALSE
	EndGlobalSection
	GlobalSection(ExtensibilityGlobals) = postSolution
		SolutionGuid = {A94F7DBA-855F-4D99-827C-B5A207117B27}
	EndGlobalSection
EndGlobal
